
Microsoft Visual Studio Solution File, Format Version 12.00
# Visual Studio Version 16
VisualStudioVersion = 16.0.29403.142
MinimumVisualStudioVersion = 10.0.40219.1
Project("{FAE04EC0-301F-11D3-BF4B-00C04F79EFBC}") = "Blaise.Instrument.Tests.Behaviour", "Blaise.Instrument.Tests.Behaviour\Blaise.Instrument.Tests.Behaviour.csproj", "{D0AD65EA-042B-4C3E-B88C-790072543866}"
EndProject
Project("{FAE04EC0-301F-11D3-BF4B-00C04F79EFBC}") = "Blaise.Case.Tests.Behaviour", "Blaise.Case.Tests.Behaviour\Blaise.Case.Tests.Behaviour.csproj", "{06DA7415-5466-41AE-9968-9B3E5316BBF6}"
EndProject
Project("{FAE04EC0-301F-11D3-BF4B-00C04F79EFBC}") = "Blaise.Cati.Management.Tests.Behaviour", "Blaise.Cati.Management.Tests.Behaviour\Blaise.Cati.Management.Tests.Behaviour.csproj", "{8C927327-27D5-412F-A75E-16688BAECF52}"
EndProject
Project("{FAE04EC0-301F-11D3-BF4B-00C04F79EFBC}") = "Blaise.Tests.Helpers", "Blaise.Tests.Helpers\Blaise.Tests.Helpers.csproj", "{F163D077-61A9-4DA9-AA99-D936EFA0E4CF}"
EndProject
Project("{FAE04EC0-301F-11D3-BF4B-00C04F79EFBC}") = "Blaise.Tests.Models", "Blaise.Tests.Models\Blaise.Tests.Models.csproj", "{0C4A5514-FAEB-4833-8A1A-D489A58A3F9B}"
EndProject
Project("{FAE04EC0-301F-11D3-BF4B-00C04F79EFBC}") = "Blaise.Cati.Interview.Tests.Behaviour", "Blaise.Cati.Interview.Tests.Behaviour\Blaise.Cati.Interview.Tests.Behaviour.csproj", "{66B247DA-126A-4663-B82F-BE14A1D2951E}"
EndProject
Global
	GlobalSection(SolutionConfigurationPlatforms) = preSolution
		Debug|Any CPU = Debug|Any CPU
		Debug|x64 = Debug|x64
		Debug|x86 = Debug|x86
		Release|Any CPU = Release|Any CPU
		Release|x64 = Release|x64
		Release|x86 = Release|x86
	EndGlobalSection
	GlobalSection(ProjectConfigurationPlatforms) = postSolution
		{D0AD65EA-042B-4C3E-B88C-790072543866}.Debug|Any CPU.ActiveCfg = Debug|Any CPU
		{D0AD65EA-042B-4C3E-B88C-790072543866}.Debug|Any CPU.Build.0 = Debug|Any CPU
		{D0AD65EA-042B-4C3E-B88C-790072543866}.Debug|x64.ActiveCfg = Debug|Any CPU
		{D0AD65EA-042B-4C3E-B88C-790072543866}.Debug|x64.Build.0 = Debug|Any CPU
		{D0AD65EA-042B-4C3E-B88C-790072543866}.Debug|x86.ActiveCfg = Debug|Any CPU
		{D0AD65EA-042B-4C3E-B88C-790072543866}.Debug|x86.Build.0 = Debug|Any CPU
		{D0AD65EA-042B-4C3E-B88C-790072543866}.Release|Any CPU.ActiveCfg = Release|Any CPU
		{D0AD65EA-042B-4C3E-B88C-790072543866}.Release|Any CPU.Build.0 = Release|Any CPU
		{D0AD65EA-042B-4C3E-B88C-790072543866}.Release|x64.ActiveCfg = Release|Any CPU
		{D0AD65EA-042B-4C3E-B88C-790072543866}.Release|x64.Build.0 = Release|Any CPU
		{D0AD65EA-042B-4C3E-B88C-790072543866}.Release|x86.ActiveCfg = Release|Any CPU
		{D0AD65EA-042B-4C3E-B88C-790072543866}.Release|x86.Build.0 = Release|Any CPU
		{06DA7415-5466-41AE-9968-9B3E5316BBF6}.Debug|Any CPU.ActiveCfg = Debug|Any CPU
		{06DA7415-5466-41AE-9968-9B3E5316BBF6}.Debug|Any CPU.Build.0 = Debug|Any CPU
		{06DA7415-5466-41AE-9968-9B3E5316BBF6}.Debug|x64.ActiveCfg = Debug|Any CPU
		{06DA7415-5466-41AE-9968-9B3E5316BBF6}.Debug|x64.Build.0 = Debug|Any CPU
		{06DA7415-5466-41AE-9968-9B3E5316BBF6}.Debug|x86.ActiveCfg = Debug|Any CPU
		{06DA7415-5466-41AE-9968-9B3E5316BBF6}.Debug|x86.Build.0 = Debug|Any CPU
		{06DA7415-5466-41AE-9968-9B3E5316BBF6}.Release|Any CPU.ActiveCfg = Release|Any CPU
		{06DA7415-5466-41AE-9968-9B3E5316BBF6}.Release|Any CPU.Build.0 = Release|Any CPU
		{06DA7415-5466-41AE-9968-9B3E5316BBF6}.Release|x64.ActiveCfg = Release|Any CPU
		{06DA7415-5466-41AE-9968-9B3E5316BBF6}.Release|x64.Build.0 = Release|Any CPU
		{06DA7415-5466-41AE-9968-9B3E5316BBF6}.Release|x86.ActiveCfg = Release|Any CPU
		{06DA7415-5466-41AE-9968-9B3E5316BBF6}.Release|x86.Build.0 = Release|Any CPU
		{8C927327-27D5-412F-A75E-16688BAECF52}.Debug|Any CPU.ActiveCfg = Debug|Any CPU
		{8C927327-27D5-412F-A75E-16688BAECF52}.Debug|Any CPU.Build.0 = Debug|Any CPU
		{8C927327-27D5-412F-A75E-16688BAECF52}.Debug|x64.ActiveCfg = Debug|Any CPU
		{8C927327-27D5-412F-A75E-16688BAECF52}.Debug|x64.Build.0 = Debug|Any CPU
		{8C927327-27D5-412F-A75E-16688BAECF52}.Debug|x86.ActiveCfg = Debug|Any CPU
		{8C927327-27D5-412F-A75E-16688BAECF52}.Debug|x86.Build.0 = Debug|Any CPU
		{8C927327-27D5-412F-A75E-16688BAECF52}.Release|Any CPU.ActiveCfg = Release|Any CPU
		{8C927327-27D5-412F-A75E-16688BAECF52}.Release|Any CPU.Build.0 = Release|Any CPU
		{8C927327-27D5-412F-A75E-16688BAECF52}.Release|x64.ActiveCfg = Release|Any CPU
		{8C927327-27D5-412F-A75E-16688BAECF52}.Release|x64.Build.0 = Release|Any CPU
		{8C927327-27D5-412F-A75E-16688BAECF52}.Release|x86.ActiveCfg = Release|Any CPU
		{8C927327-27D5-412F-A75E-16688BAECF52}.Release|x86.Build.0 = Release|Any CPU
		{F163D077-61A9-4DA9-AA99-D936EFA0E4CF}.Debug|Any CPU.ActiveCfg = Debug|Any CPU
		{F163D077-61A9-4DA9-AA99-D936EFA0E4CF}.Debug|Any CPU.Build.0 = Debug|Any CPU
		{F163D077-61A9-4DA9-AA99-D936EFA0E4CF}.Debug|x64.ActiveCfg = Debug|Any CPU
		{F163D077-61A9-4DA9-AA99-D936EFA0E4CF}.Debug|x64.Build.0 = Debug|Any CPU
		{F163D077-61A9-4DA9-AA99-D936EFA0E4CF}.Debug|x86.ActiveCfg = Debug|Any CPU
		{F163D077-61A9-4DA9-AA99-D936EFA0E4CF}.Debug|x86.Build.0 = Debug|Any CPU
		{F163D077-61A9-4DA9-AA99-D936EFA0E4CF}.Release|Any CPU.ActiveCfg = Release|Any CPU
		{F163D077-61A9-4DA9-AA99-D936EFA0E4CF}.Release|Any CPU.Build.0 = Release|Any CPU
		{F163D077-61A9-4DA9-AA99-D936EFA0E4CF}.Release|x64.ActiveCfg = Release|Any CPU
		{F163D077-61A9-4DA9-AA99-D936EFA0E4CF}.Release|x64.Build.0 = Release|Any CPU
		{F163D077-61A9-4DA9-AA99-D936EFA0E4CF}.Release|x86.ActiveCfg = Release|Any CPU
		{F163D077-61A9-4DA9-AA99-D936EFA0E4CF}.Release|x86.Build.0 = Release|Any CPU
		{0C4A5514-FAEB-4833-8A1A-D489A58A3F9B}.Debug|Any CPU.ActiveCfg = Debug|Any CPU
		{0C4A5514-FAEB-4833-8A1A-D489A58A3F9B}.Debug|Any CPU.Build.0 = Debug|Any CPU
		{0C4A5514-FAEB-4833-8A1A-D489A58A3F9B}.Debug|x64.ActiveCfg = Debug|Any CPU
		{0C4A5514-FAEB-4833-8A1A-D489A58A3F9B}.Debug|x64.Build.0 = Debug|Any CPU
		{0C4A5514-FAEB-4833-8A1A-D489A58A3F9B}.Debug|x86.ActiveCfg = Debug|Any CPU
		{0C4A5514-FAEB-4833-8A1A-D489A58A3F9B}.Debug|x86.Build.0 = Debug|Any CPU
		{0C4A5514-FAEB-4833-8A1A-D489A58A3F9B}.Release|Any CPU.ActiveCfg = Release|Any CPU
		{0C4A5514-FAEB-4833-8A1A-D489A58A3F9B}.Release|Any CPU.Build.0 = Release|Any CPU
		{0C4A5514-FAEB-4833-8A1A-D489A58A3F9B}.Release|x64.ActiveCfg = Release|Any CPU
		{0C4A5514-FAEB-4833-8A1A-D489A58A3F9B}.Release|x64.Build.0 = Release|Any CPU
		{0C4A5514-FAEB-4833-8A1A-D489A58A3F9B}.Release|x86.ActiveCfg = Release|Any CPU
		{0C4A5514-FAEB-4833-8A1A-D489A58A3F9B}.Release|x86.Build.0 = Release|Any CPU
		{66B247DA-126A-4663-B82F-BE14A1D2951E}.Debug|Any CPU.ActiveCfg = Debug|Any CPU
		{66B247DA-126A-4663-B82F-BE14A1D2951E}.Debug|Any CPU.Build.0 = Debug|Any CPU
		{66B247DA-126A-4663-B82F-BE14A1D2951E}.Debug|x64.ActiveCfg = Debug|Any CPU
		{66B247DA-126A-4663-B82F-BE14A1D2951E}.Debug|x64.Build.0 = Debug|Any CPU
		{66B247DA-126A-4663-B82F-BE14A1D2951E}.Debug|x86.ActiveCfg = Debug|Any CPU
		{66B247DA-126A-4663-B82F-BE14A1D2951E}.Debug|x86.Build.0 = Debug|Any CPU
		{66B247DA-126A-4663-B82F-BE14A1D2951E}.Release|Any CPU.ActiveCfg = Release|Any CPU
		{66B247DA-126A-4663-B82F-BE14A1D2951E}.Release|Any CPU.Build.0 = Release|Any CPU
		{66B247DA-126A-4663-B82F-BE14A1D2951E}.Release|x64.ActiveCfg = Release|Any CPU
		{66B247DA-126A-4663-B82F-BE14A1D2951E}.Release|x64.Build.0 = Release|Any CPU
		{66B247DA-126A-4663-B82F-BE14A1D2951E}.Release|x86.ActiveCfg = Release|Any CPU
		{66B247DA-126A-4663-B82F-BE14A1D2951E}.Release|x86.Build.0 = Release|Any CPU
	EndGlobalSection
	GlobalSection(SolutionProperties) = preSolution
		HideSolutionNode = FALSE
	EndGlobalSection
	GlobalSection(ExtensibilityGlobals) = postSolution
		SolutionGuid = {E0EFCBD3-45E6-4C8C-8298-74EEE0C877B3}
	EndGlobalSection
EndGlobal
